{
  "name": "LinearRegressionPlot",
  "version": "1.0.0",
  "lockfileVersion": 1,
  "requires": true,
  "dependencies": {
    "picasso-plugin-q": {
      "version": "0.11.0",
      "resolved": "https://registry.npmjs.org/picasso-plugin-q/-/picasso-plugin-q-0.11.0.tgz",
      "integrity": "sha512-gteXd2daUXL/7FgIvuf5mPH2yJE79NH7pZUevQsQZ3zlCdcOUMq3VURRfKpxxYNRrFaByIxbjyerxokEb2cBQA=="
    },
    "picasso.js": {
      "version": "0.11.0",
      "resolved": "https://registry.npmjs.org/picasso.js/-/picasso.js-0.11.0.tgz",
      "integrity": "sha512-YXmRYNGyUU8qes4uQK7JnjnmuWK5dT+GiRLPU9jGYTQx5+EwU4JMDDwpBrms1UEUVFWqlmpCB+CZ8w/6MMfXcA=="
    }
  }
}
